// !$*UTF8*$!
{
	archiveVersion = 1;
	classes = {
	};
	objectVersion = 46;
	objects = {

/* Begin PBXBuildFile section */
		60B071031D2B663300FABA19 /* CFNetwork.framework in Frameworks */ = {isa = PBXBuildFile; fileRef = 60B071021D2B663300FABA19 /* CFNetwork.framework */; };
		60E495C71D2A4AA500F4BE37 /* AppDelegate.swift in Sources */ = {isa = PBXBuildFile; fileRef = 60E495C61D2A4AA500F4BE37 /* AppDelegate.swift */; };
		60E495C91D2A4AA500F4BE37 /* ViewController.swift in Sources */ = {isa = PBXBuildFile; fileRef = 60E495C81D2A4AA500F4BE37 /* ViewController.swift */; };
		60E495CC1D2A4AA500F4BE37 /* Main.storyboard in Resources */ = {isa = PBXBuildFile; fileRef = 60E495CA1D2A4AA500F4BE37 /* Main.storyboard */; };
		60E495CE1D2A4AA500F4BE37 /* Assets.xcassets in Resources */ = {isa = PBXBuildFile; fileRef = 60E495CD1D2A4AA500F4BE37 /* Assets.xcassets */; };
		60E495D11D2A4AA500F4BE37 /* LaunchScreen.storyboard in Resources */ = {isa = PBXBuildFile; fileRef = 60E495CF1D2A4AA500F4BE37 /* LaunchScreen.storyboard */; };
		60E495DC1D2A4AA500F4BE37 /* Swift_Bonjour_BrowserTests.swift in Sources */ = {isa = PBXBuildFile; fileRef = 60E495DB1D2A4AA500F4BE37 /* Swift_Bonjour_BrowserTests.swift */; };
/* End PBXBuildFile section */

/* Begin PBXContainerItemProxy section */
		60E495D81D2A4AA500F4BE37 /* PBXContainerItemProxy */ = {
			isa = PBXContainerItemProxy;
			containerPortal = 60E495BB1D2A4AA500F4BE37 /* Project object */;
			proxyType = 1;
			remoteGlobalIDString = 60E495C21D2A4AA500F4BE37;
			remoteInfo = "Swift Bonjour Browser";
		};
/* End PBXContainerItemProxy section */

/* Begin PBXFileReference section */
		60B071021D2B663300FABA19 /* CFNetwork.framework */ = {isa = PBXFileReference; lastKnownFileType = wrapper.framework; name = CFNetwork.framework; path = System/Library/Frameworks/CFNetwork.framework; sourceTree = SDKROOT; };
		60BD33B41D2C8A6600CEFC97 /* Swift Bonjour Browser-Bridging-Header.h */ = {isa = PBXFileReference; lastKnownFileType = sourcecode.c.h; path = "Swift Bonjour Browser-Bridging-Header.h"; sourceTree = "<group>"; };
		60E495C31D2A4AA500F4BE37 /* Swift Bonjour Browser.app */ = {isa = PBXFileReference; explicitFileType = wrapper.application; includeInIndex = 0; path = "Swift Bonjour Browser.app"; sourceTree = BUILT_PRODUCTS_DIR; };
		60E495C61D2A4AA500F4BE37 /* AppDelegate.swift */ = {isa = PBXFileReference; lastKnownFileType = sourcecode.swift; path = AppDelegate.swift; sourceTree = "<group>"; };
		60E495C81D2A4AA500F4BE37 /* ViewController.swift */ = {isa = PBXFileReference; lastKnownFileType = sourcecode.swift; path = ViewController.swift; sourceTree = "<group>"; };
		60E495CB1D2A4AA500F4BE37 /* Base */ = {isa = PBXFileReference; lastKnownFileType = file.storyboard; name = Base; path = Base.lproj/Main.storyboard; sourceTree = "<group>"; };
		60E495CD1D2A4AA500F4BE37 /* Assets.xcassets */ = {isa = PBXFileReference; lastKnownFileType = folder.assetcatalog; path = Assets.xcassets; sourceTree = "<group>"; };
		60E495D01D2A4AA500F4BE37 /* Base */ = {isa = PBXFileReference; lastKnownFileType = file.storyboard; name = Base; path = Base.lproj/LaunchScreen.storyboard; sourceTree = "<group>"; };
		60E495D21D2A4AA500F4BE37 /* Info.plist */ = {isa = PBXFileReference; lastKnownFileType = text.plist.xml; path = Info.plist; sourceTree = "<group>"; };
		60E495D71D2A4AA500F4BE37 /* Swift Bonjour BrowserTests.xctest */ = {isa = PBXFileReference; explicitFileType = wrapper.cfbundle; includeInIndex = 0; path = "Swift Bonjour BrowserTests.xctest"; sourceTree = BUILT_PRODUCTS_DIR; };
		60E495DB1D2A4AA500F4BE37 /* Swift_Bonjour_BrowserTests.swift */ = {isa = PBXFileReference; lastKnownFileType = sourcecode.swift; path = Swift_Bonjour_BrowserTests.swift; sourceTree = "<group>"; };
		60E495DD1D2A4AA500F4BE37 /* Info.plist */ = {isa = PBXFileReference; lastKnownFileType = text.plist.xml; path = Info.plist; sourceTree = "<group>"; };
/* End PBXFileReference section */

/* Begin PBXFrameworksBuildPhase section */
		60E495C01D2A4AA500F4BE37 /* Frameworks */ = {
			isa = PBXFrameworksBuildPhase;
			buildActionMask = 2147483647;
			files = (
				60B071031D2B663300FABA19 /* CFNetwork.framework in Frameworks */,
			);
			runOnlyForDeploymentPostprocessing = 0;
		};
		60E495D41D2A4AA500F4BE37 /* Frameworks */ = {
			isa = PBXFrameworksBuildPhase;
			buildActionMask = 2147483647;
			files = (
			);
			runOnlyForDeploymentPostprocessing = 0;
		};
/* End PBXFrameworksBuildPhase section */

/* Begin PBXGroup section */
		60B071011D2B663300FABA19 /* Frameworks */ = {
			isa = PBXGroup;
			children = (
				60B071021D2B663300FABA19 /* CFNetwork.framework */,
			);
			name = Frameworks;
			sourceTree = "<group>";
		};
		60E495BA1D2A4AA500F4BE37 = {
			isa = PBXGroup;
			children = (
				60E495C51D2A4AA500F4BE37 /* Swift Bonjour Browser */,
				60E495DA1D2A4AA500F4BE37 /* Swift Bonjour BrowserTests */,
				60E495C41D2A4AA500F4BE37 /* Products */,
				60B071011D2B663300FABA19 /* Frameworks */,
			);
			sourceTree = "<group>";
		};
		60E495C41D2A4AA500F4BE37 /* Products */ = {
			isa = PBXGroup;
			children = (
				60E495C31D2A4AA500F4BE37 /* Swift Bonjour Browser.app */,
				60E495D71D2A4AA500F4BE37 /* Swift Bonjour BrowserTests.xctest */,
			);
			name = Products;
			sourceTree = "<group>";
		};
		60E495C51D2A4AA500F4BE37 /* Swift Bonjour Browser */ = {
			isa = PBXGroup;
			children = (
				60E495C61D2A4AA500F4BE37 /* AppDelegate.swift */,
				60E495C81D2A4AA500F4BE37 /* ViewController.swift */,
				60E495CA1D2A4AA500F4BE37 /* Main.storyboard */,
				60E495CD1D2A4AA500F4BE37 /* Assets.xcassets */,
				60E495CF1D2A4AA500F4BE37 /* LaunchScreen.storyboard */,
				60E495D21D2A4AA500F4BE37 /* Info.plist */,
				60BD33B41D2C8A6600CEFC97 /* Swift Bonjour Browser-Bridging-Header.h */,
			);
			path = "Swift Bonjour Browser";
			sourceTree = "<group>";
		};
		60E495DA1D2A4AA500F4BE37 /* Swift Bonjour BrowserTests */ = {
			isa = PBXGroup;
			children = (
				60E495DB1D2A4AA500F4BE37 /* Swift_Bonjour_BrowserTests.swift */,
				60E495DD1D2A4AA500F4BE37 /* Info.plist */,
			);
			path = "Swift Bonjour BrowserTests";
			sourceTree = "<group>";
		};
/* End PBXGroup section */

/* Begin PBXNativeTarget section */
		60E495C21D2A4AA500F4BE37 /* Swift Bonjour Browser */ = {
			isa = PBXNativeTarget;
			buildConfigurationList = 60E495E01D2A4AA500F4BE37 /* Build configuration list for PBXNativeTarget "Swift Bonjour Browser" */;
			buildPhases = (
				60E495BF1D2A4AA500F4BE37 /* Sources */,
				60E495C01D2A4AA500F4BE37 /* Frameworks */,
				60E495C11D2A4AA500F4BE37 /* Resources */,
			);
			buildRules = (
			);
			dependencies = (
			);
			name = "Swift Bonjour Browser";
			productName = "Swift Bonjour Browser";
			productReference = 60E495C31D2A4AA500F4BE37 /* Swift Bonjour Browser.app */;
			productType = "com.apple.product-type.application";
		};
		60E495D61D2A4AA500F4BE37 /* Swift Bonjour BrowserTests */ = {
			isa = PBXNativeTarget;
			buildConfigurationList = 60E495E31D2A4AA500F4BE37 /* Build configuration list for PBXNativeTarget "Swift Bonjour BrowserTests" */;
			buildPhases = (
				60E495D31D2A4AA500F4BE37 /* Sources */,
				60E495D41D2A4AA500F4BE37 /* Frameworks */,
				60E495D51D2A4AA500F4BE37 /* Resources */,
			);
			buildRules = (
			);
			dependencies = (
				60E495D91D2A4AA500F4BE37 /* PBXTargetDependency */,
			);
			name = "Swift Bonjour BrowserTests";
			productName = "Swift Bonjour BrowserTests";
			productReference = 60E495D71D2A4AA500F4BE37 /* Swift Bonjour BrowserTests.xctest */;
			productType = "com.apple.product-type.bundle.unit-test";
		};
/* End PBXNativeTarget section */

/* Begin PBXProject section */
		60E495BB1D2A4AA500F4BE37 /* Project object */ = {
			isa = PBXProject;
			attributes = {
				LastSwiftUpdateCheck = 0800;
				LastUpgradeCheck = 0800;
				ORGANIZATIONNAME = "Roca Developer";
				TargetAttributes = {
					60E495C21D2A4AA500F4BE37 = {
						CreatedOnToolsVersion = 8.0;
						DevelopmentTeam = E935HHVHT5;
						DevelopmentTeamName = "ROCA TAIWAN CO. LTD";
						LastSwiftMigration = 0800;
						ProvisioningStyle = Manual;
					};
					60E495D61D2A4AA500F4BE37 = {
						CreatedOnToolsVersion = 8.0;
						DevelopmentTeam = E935HHVHT5;
						DevelopmentTeamName = "ROCA TAIWAN CO. LTD";
						ProvisioningStyle = Manual;
						TestTargetID = 60E495C21D2A4AA500F4BE37;
					};
				};
			};
			buildConfigurationList = 60E495BE1D2A4AA500F4BE37 /* Build configuration list for PBXProject "Swift Bonjour Browser" */;
			compatibilityVersion = "Xcode 3.2";
			developmentRegion = English;
			hasScannedForEncodings = 0;
			knownRegions = (
				en,
				Base,
			);
			mainGroup = 60E495BA1D2A4AA500F4BE37;
			productRefGroup = 60E495C41D2A4AA500F4BE37 /* Products */;
			projectDirPath = "";
			projectRoot = "";
			targets = (
				60E495C21D2A4AA500F4BE37 /* Swift Bonjour Browser */,
				60E495D61D2A4AA500F4BE37 /* Swift Bonjour BrowserTests */,
			);
		};
/* End PBXProject section */

/* Begin PBXResourcesBuildPhase section */
		60E495C11D2A4AA500F4BE37 /* Resources */ = {
			isa = PBXResourcesBuildPhase;
			buildActionMask = 2147483647;
			files = (
				60E495D11D2A4AA500F4BE37 /* LaunchScreen.storyboard in Resources */,
				60E495CE1D2A4AA500F4BE37 /* Assets.xcassets in Resources */,
				60E495CC1D2A4AA500F4BE37 /* Main.storyboard in Resources */,
			);
			runOnlyForDeploymentPostprocessing = 0;
		};
		60E495D51D2A4AA500F4BE37 /* Resources */ = {
			isa = PBXResourcesBuildPhase;
			buildActionMask = 2147483647;
			files = (
			);
			runOnlyForDeploymentPostprocessing = 0;
		};
/* End PBXResourcesBuildPhase section */

/* Begin PBXSourcesBuildPhase section */
		60E495BF1D2A4AA500F4BE37 /* Sources */ = {
			isa = PBXSourcesBuildPhase;
			buildActionMask = 2147483647;
			files = (
				60E495C91D2A4AA500F4BE37 /* ViewController.swift in Sources */,
				60E495C71D2A4AA500F4BE37 /* AppDelegate.swift in Sources */,
			);
			runOnlyForDeploymentPostprocessing = 0;
		};
		60E495D31D2A4AA500F4BE37 /* Sources */ = {
			isa = PBXSourcesBuildPhase;
			buildActionMask = 2147483647;
			files = (
				60E495DC1D2A4AA500F4BE37 /* Swift_Bonjour_BrowserTests.swift in Sources */,
			);
			runOnlyForDeploymentPostprocessing = 0;
		};
/* End PBXSourcesBuildPhase section */

/* Begin PBXTargetDependency section */
		60E495D91D2A4AA500F4BE37 /* PBXTargetDependency */ = {
			isa = PBXTargetDependency;
			target = 60E495C21D2A4AA500F4BE37 /* Swift Bonjour Browser */;
			targetProxy = 60E495D81D2A4AA500F4BE37 /* PBXContainerItemProxy */;
		};
/* End PBXTargetDependency section */

/* Begin PBXVariantGroup section */
		60E495CA1D2A4AA500F4BE37 /* Main.storyboard */ = {
			isa = PBXVariantGroup;
			children = (
				60E495CB1D2A4AA500F4BE37 /* Base */,
			);
			name = Main.storyboard;
			sourceTree = "<group>";
		};
		60E495CF1D2A4AA500F4BE37 /* LaunchScreen.storyboard */ = {
			isa = PBXVariantGroup;
			children = (
				60E495D01D2A4AA500F4BE37 /* Base */,
			);
			name = LaunchScreen.storyboard;
			sourceTree = "<group>";
		};
/* End PBXVariantGroup section */

/* Begin XCBuildConfiguration section */
		60E495DE1D2A4AA500F4BE37 /* Debug */ = {
			isa = XCBuildConfiguration;
			buildSettings = {
				ALWAYS_SEARCH_USER_PATHS = NO;
				CLANG_ANALYZER_NONNULL = YES;
				CLANG_CXX_LANGUAGE_STANDARD = "gnu++0x";
				CLANG_CXX_LIBRARY = "libc++";
				CLANG_ENABLE_MODULES = YES;
				CLANG_ENABLE_OBJC_ARC = YES;
				CLANG_WARN_BOOL_CONVERSION = YES;
				CLANG_WARN_CONSTANT_CONVERSION = YES;
				CLANG_WARN_DIRECT_OBJC_ISA_USAGE = YES_ERROR;
				CLANG_WARN_DOCUMENTATION_COMMENTS = YES;
				CLANG_WARN_EMPTY_BODY = YES;
				CLANG_WARN_ENUM_CONVERSION = YES;
				CLANG_WARN_INT_CONVERSION = YES;
				CLANG_WARN_OBJC_ROOT_CLASS = YES_ERROR;
				CLANG_WARN_UNREACHABLE_CODE = YES;
				CLANG_WARN__DUPLICATE_METHOD_MATCH = YES;
				"CODE_SIGN_IDENTITY[sdk=iphoneos*]" = "iPhone Developer";
				COPY_PHASE_STRIP = NO;
				DEBUG_INFORMATION_FORMAT = dwarf;
				ENABLE_STRICT_OBJC_MSGSEND = YES;
				ENABLE_TESTABILITY = YES;
				GCC_C_LANGUAGE_STANDARD = gnu99;
				GCC_DYNAMIC_NO_PIC = NO;
				GCC_NO_COMMON_BLOCKS = YES;
				GCC_OPTIMIZATION_LEVEL = 0;
				GCC_PREPROCESSOR_DEFINITIONS = (
					"DEBUG=1",
					"$(inherited)",
				);
				GCC_WARN_64_TO_32_BIT_CONVERSION = YES;
				GCC_WARN_ABOUT_RETURN_TYPE = YES_ERROR;
				GCC_WARN_UNDECLARED_SELECTOR = YES;
				GCC_WARN_UNINITIALIZED_AUTOS = YES_AGGRESSIVE;
				GCC_WARN_UNUSED_FUNCTION = YES;
				GCC_WARN_UNUSED_VARIABLE = YES;
				IPHONEOS_DEPLOYMENT_TARGET = 10.0;
				MTL_ENABLE_DEBUG_INFO = YES;
				ONLY_ACTIVE_ARCH = YES;
				SDKROOT = iphoneos;
				SWIFT_ACTIVE_COMPILATION_CONDITIONS = DEBUG;
				SWIFT_OPTIMIZATION_LEVEL = "-Onone";
				TARGETED_DEVICE_FAMILY = "1,2";
			};
			name = Debug;
		};
		60E495DF1D2A4AA500F4BE37 /* Release */ = {
			isa = XCBuildConfiguration;
			buildSettings = {
				ALWAYS_SEARCH_USER_PATHS = NO;
				CLANG_ANALYZER_NONNULL = YES;
				CLANG_CXX_LANGUAGE_STANDARD = "gnu++0x";
				CLANG_CXX_LIBRARY = "libc++";
				CLANG_ENABLE_MODULES = YES;
				CLANG_ENABLE_OBJC_ARC = YES;
				CLANG_WARN_BOOL_CONVERSION = YES;
				CLANG_WARN_CONSTANT_CONVERSION = YES;
				CLANG_WARN_DIRECT_OBJC_ISA_USAGE = YES_ERROR;
				CLANG_WARN_DOCUMENTATION_COMMENTS = YES;
				CLANG_WARN_EMPTY_BODY = YES;
				CLANG_WARN_ENUM_CONVERSION = YES;
				CLANG_WARN_INT_CONVERSION = YES;
				CLANG_WARN_OBJC_ROOT_CLASS = YES_ERROR;
				CLANG_WARN_UNREACHABLE_CODE = YES;
				CLANG_WARN__DUPLICATE_METHOD_MATCH = YES;
				"CODE_SIGN_IDENTITY[sdk=iphoneos*]" = "iPhone Developer";
				COPY_PHASE_STRIP = NO;
				DEBUG_INFORMATION_FORMAT = "dwarf-with-dsym";
				ENABLE_NS_ASSERTIONS = NO;
				ENABLE_STRICT_OBJC_MSGSEND = YES;
				GCC_C_LANGUAGE_STANDARD = gnu99;
				GCC_NO_COMMON_BLOCKS = YES;
				GCC_WARN_64_TO_32_BIT_CONVERSION = YES;
				GCC_WARN_ABOUT_RETURN_TYPE = YES_ERROR;
				GCC_WARN_UNDECLARED_SELECTOR = YES;
				GCC_WARN_UNINITIALIZED_AUTOS = YES_AGGRESSIVE;
				GCC_WARN_UNUSED_FUNCTION = YES;
				GCC_WARN_UNUSED_VARIABLE = YES;
				IPHONEOS_DEPLOYMENT_TARGET = 10.0;
				MTL_ENABLE_DEBUG_INFO = NO;
				SDKROOT = iphoneos;
				SWIFT_OPTIMIZATION_LEVEL = "-Owholemodule";
				TARGETED_DEVICE_FAMILY = "1,2";
				VALIDATE_PRODUCT = YES;
			};
			name = Release;
		};
		60E495E11D2A4AA500F4BE37 /* Debug */ = {
			isa = XCBuildConfiguration;
			buildSettings = {
				ASSETCATALOG_COMPILER_APPICON_NAME = AppIcon;
				CLANG_ENABLE_MODULES = YES;
				"CODE_SIGN_IDENTITY[sdk=iphoneos*]" = "iPhone Developer";
				INFOPLIST_FILE = "Swift Bonjour Browser/Info.plist";
				IPHONEOS_DEPLOYMENT_TARGET = 8.0;
				LD_RUNPATH_SEARCH_PATHS = "$(inherited) @executable_path/Frameworks";
				PRODUCT_BUNDLE_IDENTIFIER = "com.roca.Swift-Bonjour-Browser";
				PRODUCT_NAME = "$(TARGET_NAME)";
				SWIFT_OBJC_BRIDGING_HEADER = "Swift Bonjour Browser/Swift Bonjour Browser-Bridging-Header.h";
				SWIFT_OPTIMIZATION_LEVEL = "-Onone";
				SWIFT_VERSION = 3.0;
			};
			name = Debug;
		};
		60E495E21D2A4AA500F4BE37 /* Release */ = {
			isa = XCBuildConfiguration;
			buildSettings = {
				ASSETCATALOG_COMPILER_APPICON_NAME = AppIcon;
				CLANG_ENABLE_MODULES = YES;
				"CODE_SIGN_IDENTITY[sdk=iphoneos*]" = "iPhone Developer";
				INFOPLIST_FILE = "Swift Bonjour Browser/Info.plist";
				IPHONEOS_DEPLOYMENT_TARGET = 8.0;
				LD_RUNPATH_SEARCH_PATHS = "$(inherited) @executable_path/Frameworks";
				PRODUCT_BUNDLE_IDENTIFIER = "com.roca.Swift-Bonjour-Browser";
				PRODUCT_NAME = "$(TARGET_NAME)";
				SWIFT_OBJC_BRIDGING_HEADER = "Swift Bonjour Browser/Swift Bonjour Browser-Bridging-Header.h";
				SWIFT_VERSION = 3.0;
			};
			name = Release;
		};
		60E495E41D2A4AA500F4BE37 /* Debug */ = {
			isa = XCBuildConfiguration;
			buildSettings = {
				BUNDLE_LOADER = "$(TEST_HOST)";
				INFOPLIST_FILE = "Swift Bonjour BrowserTests/Info.plist";
				LD_RUNPATH_SEARCH_PATHS = "$(inherited) @executable_path/Frameworks @loader_path/Frameworks";
				PRODUCT_BUNDLE_IDENTIFIER = "com.roca.Swift-Bonjour-BrowserTests";
				PRODUCT_NAME = "$(TARGET_NAME)";
				SWIFT_VERSION = 3.0;
				TEST_HOST = "$(BUILT_PRODUCTS_DIR)/Swift Bonjour Browser.app/Swift Bonjour Browser";
			};
			name = Debug;
		};
		60E495E51D2A4AA500F4BE37 /* Release */ = {
			isa = XCBuildConfiguration;
			buildSettings = {
				BUNDLE_LOADER = "$(TEST_HOST)";
				INFOPLIST_FILE = "Swift Bonjour BrowserTests/Info.plist";
				LD_RUNPATH_SEARCH_PATHS = "$(inherited) @executable_path/Frameworks @loader_path/Frameworks";
				PRODUCT_BUNDLE_IDENTIFIER = "com.roca.Swift-Bonjour-BrowserTests";
				PRODUCT_NAME = "$(TARGET_NAME)";
				SWIFT_VERSION = 3.0;
				TEST_HOST = "$(BUILT_PRODUCTS_DIR)/Swift Bonjour Browser.app/Swift Bonjour Browser";
			};
			name = Release;
		};
/* End XCBuildConfiguration section */

/* Begin XCConfigurationList section */
		60E495BE1D2A4AA500F4BE37 /* Build configuration list for PBXProject "Swift Bonjour Browser" */ = {
			isa = XCConfigurationList;
			buildConfigurations = (
				60E495DE1D2A4AA500F4BE37 /* Debug */,
				60E495DF1D2A4AA500F4BE37 /* Release */,
			);
			defaultConfigurationIsVisible = 0;
			defaultConfigurationName = Release;
		};
		60E495E01D2A4AA500F4BE37 /* Build configuration list for PBXNativeTarget "Swift Bonjour Browser" */ = {
			isa = XCConfigurationList;
			buildConfigurations = (
				60E495E11D2A4AA500F4BE37 /* Debug */,
				60E495E21D2A4AA500F4BE37 /* Release */,
			);
			defaultConfigurationIsVisible = 0;
			defaultConfigurationName = Release;
		};
		60E495E31D2A4AA500F4BE37 /* Build configuration list for PBXNativeTarget "Swift Bonjour BrowserTests" */ = {
			isa = XCConfigurationList;
			buildConfigurations = (
				60E495E41D2A4AA500F4BE37 /* Debug */,
				60E495E51D2A4AA500F4BE37 /* Release */,
			);
			defaultConfigurationIsVisible = 0;
			defaultConfigurationName = Release;
		};
/* End XCConfigurationList section */
	};
	rootObject = 60E495BB1D2A4AA500F4BE37 /* Project object */;
}
